
Microsoft Visual Studio Solution File, Format Version 12.00
# Visual Studio Version 16
VisualStudioVersion = 16.0.30804.86
MinimumVisualStudioVersion = 10.0.40219.1
Project("{FAE04EC0-301F-11D3-BF4B-00C04F79EFBC}") = "ApiQuanLyGiaoHang", "ApiQuanLyGiaoHang\ApiQuanLyGiaoHang.csproj", "{5EAEDE61-DE70-48AE-8E8D-EC11CC4E3057}"
EndProject
Global
	GlobalSection(SolutionConfigurationPlatforms) = preSolution
		Debug|Any CPU = Debug|Any CPU
		Release|Any CPU = Release|Any CPU
	EndGlobalSection
	GlobalSection(ProjectConfigurationPlatforms) = postSolution
		{5EAEDE61-DE70-48AE-8E8D-EC11CC4E3057}.Debug|Any CPU.ActiveCfg = Debug|Any CPU
		{5EAEDE61-DE70-48AE-8E8D-EC11CC4E3057}.Debug|Any CPU.Build.0 = Debug|Any CPU
		{5EAEDE61-DE70-48AE-8E8D-EC11CC4E3057}.Release|Any CPU.ActiveCfg = Release|Any CPU
		{5EAEDE61-DE70-48AE-8E8D-EC11CC4E3057}.Release|Any CPU.Build.0 = Release|Any CPU
	EndGlobalSection
	GlobalSection(SolutionProperties) = preSolution
		HideSolutionNode = FALSE
	EndGlobalSection
	GlobalSection(ExtensibilityGlobals) = postSolution
		SolutionGuid = {FF49E4D2-AD10-4573-AC01-68A64A1509CA}
	EndGlobalSection
EndGlobal
